# This file is autogenerated, do not edit; changes may be undone by the next 'dep ensure'.


[[projects]]
  branch = "master"
  name = "github.com/agl/ed25519"
  packages = [
    ".",
    "edwards25519"
  ]
  revision = "5312a61534124124185d41f09206b9fef1d88403"

[[projects]]
  name = "github.com/davecgh/go-spew"
  packages = ["spew"]
  revision = "8991bc29aa16c548c550c7ff78260e27b9ab7c73"
  version = "v1.1.1"

[[projects]]
  name = "github.com/dgrijalva/jwt-go"
  packages = ["."]
  revision = "06ea1031745cb8b3dab3f6a236daf2b0aa468b7e"
  version = "v3.2.0"

[[projects]]
  name = "github.com/go-errors/errors"
  packages = ["."]
  revision = "a6af135bd4e28680facf08a3d206b454abc877a4"
  version = "v1.0.1"

[[projects]]
  name = "github.com/lib/pq"
  packages = [
    ".",
    "oid"
  ]
  revision = "4ded0e9383f75c197b3a2aaa6d590ac52df6fd79"
  version = "v1.0.0"

[[projects]]
  branch = "master"
  name = "github.com/manucorporat/sse"
  packages = ["."]
  revision = "ee05b128a739a0fb76c7ebd3ae4810c1de808d6d"

[[projects]]
  name = "github.com/pkg/errors"
  packages = ["."]
  revision = "645ef00459ed84a119197bfb8d8205042c6df63d"
  version = "v0.8.0"

[[projects]]
  name = "github.com/pmezard/go-difflib"
  packages = ["difflib"]
  revision = "792786c7400a136282c1664665ae0a8db921c6c2"
  version = "v1.0.0"

[[projects]]
  name = "github.com/segmentio/go-loggly"
  packages = ["."]
  revision = "3e0cec4266ddf583aecef51bb8e9badc3cca5314"
  version = "v0.5.0"

[[projects]]
  name = "github.com/sirupsen/logrus"
  packages = [
    ".",
    "hooks/test"
  ]
  revision = "68cec9f21fbf3ea8d8f98c044bc6ce05f17b267a"

[[projects]]
  branch = "master"
  name = "github.com/stellar/go"
  packages = [
    "amount",
    "build",
    "clients/horizon",
    "crc16",
    "hash",
    "keypair",
    "network",
    "price",
    "protocols/horizon",
    "protocols/horizon/base",
    "strkey",
    "support/errors",
    "support/http/mutil",
    "support/log",
    "support/render/hal",
    "support/render/problem",
    "support/url",
    "xdr"
  ]
  revision = "4c30d59b86f551475a3ac60e5555c0c86ff3cb75"

[[projects]]
  branch = "master"
  name = "github.com/stellar/go-xdr"
  packages = ["xdr3"]
  revision = "0bc96f33a18ef2f963e75431dbed042129eb421b"

[[projects]]
  name = "github.com/stretchr/objx"
  packages = ["."]
  revision = "477a77ecc69700c7cdeb1fa9e129548e1c1c393c"
  version = "v0.1.1"

[[projects]]
  name = "github.com/stretchr/testify"
  packages = [
    "assert",
    "mock"
  ]
  revision = "f35b8ab0b5a2cef36673838d662e249dd9c94686"
  version = "v1.2.2"

[[projects]]
  branch = "master"
  name = "golang.org/x/sys"
  packages = ["unix"]
  revision = "e4b3c5e9061176387e7cea65e4dc5853801f3fb7"

[solve-meta]
  analyzer-name = "dep"
  analyzer-version = 1
  inputs-digest = "6ec00a48e1fbb2cd8b25d0f962b93085d411877ad6055cb7581c8d2c67cf96ef"
  solver-name = "gps-cdcl"
  solver-version = 1
